
Microsoft Visual Studio Solution File, Format Version 12.00
# Visual Studio Version 17
VisualStudioVersion = 17.4.33122.133
MinimumVisualStudioVersion = 10.0.40219.1
Project("{FAE04EC0-301F-11D3-BF4B-00C04F79EFBC}") = "Doubly Linked List - Delete First Node", "Doubly Linked List - Delete First Node.csproj", "{BC8BDD97-BEAA-42B2-BDCF-FD148B838681}"
EndProject
Global
	GlobalSection(SolutionConfigurationPlatforms) = preSolution
		Debug|Any CPU = Debug|Any CPU
		Release|Any CPU = Release|Any CPU
	EndGlobalSection
	GlobalSection(ProjectConfigurationPlatforms) = postSolution
		{BC8BDD97-BEAA-42B2-BDCF-FD148B838681}.Debug|Any CPU.ActiveCfg = Debug|Any CPU
		{BC8BDD97-BEAA-42B2-BDCF-FD148B838681}.Debug|Any CPU.Build.0 = Debug|Any CPU
		{BC8BDD97-BEAA-42B2-BDCF-FD148B838681}.Release|Any CPU.ActiveCfg = Release|Any CPU
		{BC8BDD97-BEAA-42B2-BDCF-FD148B838681}.Release|Any CPU.Build.0 = Release|Any CPU
	EndGlobalSection
	GlobalSection(SolutionProperties) = preSolution
		HideSolutionNode = FALSE
	EndGlobalSection
	GlobalSection(ExtensibilityGlobals) = postSolution
		SolutionGuid = {F057DA84-381F-4153-ACF4-A2EE93FEB5F0}
	EndGlobalSection
EndGlobal
