
Microsoft Visual Studio Solution File, Format Version 12.00
# Visual Studio Version 17
VisualStudioVersion = 17.4.33122.133
MinimumVisualStudioVersion = 10.0.40219.1
Project("{FAE04EC0-301F-11D3-BF4B-00C04F79EFBC}") = "Doubly Linked List Implementation", "Doubly Linked List Implementation.csproj", "{EF3AC3D8-452E-4133-B7A2-0D142B6FEA2D}"
EndProject
Global
	GlobalSection(SolutionConfigurationPlatforms) = preSolution
		Debug|Any CPU = Debug|Any CPU
		Release|Any CPU = Release|Any CPU
	EndGlobalSection
	GlobalSection(ProjectConfigurationPlatforms) = postSolution
		{EF3AC3D8-452E-4133-B7A2-0D142B6FEA2D}.Debug|Any CPU.ActiveCfg = Debug|Any CPU
		{EF3AC3D8-452E-4133-B7A2-0D142B6FEA2D}.Debug|Any CPU.Build.0 = Debug|Any CPU
		{EF3AC3D8-452E-4133-B7A2-0D142B6FEA2D}.Release|Any CPU.ActiveCfg = Release|Any CPU
		{EF3AC3D8-452E-4133-B7A2-0D142B6FEA2D}.Release|Any CPU.Build.0 = Release|Any CPU
	EndGlobalSection
	GlobalSection(SolutionProperties) = preSolution
		HideSolutionNode = FALSE
	EndGlobalSection
	GlobalSection(ExtensibilityGlobals) = postSolution
		SolutionGuid = {2CA8EFA3-E044-4489-A4CE-FA0EC6AD7DF2}
	EndGlobalSection
EndGlobal
