
Microsoft Visual Studio Solution File, Format Version 12.00
# Visual Studio Version 17
VisualStudioVersion = 17.4.33122.133
MinimumVisualStudioVersion = 10.0.40219.1
Project("{FAE04EC0-301F-11D3-BF4B-00C04F79EFBC}") = "Doubly Linked List - Delete Last Node", "Doubly Linked List - Delete Last Node.csproj", "{62476A6E-A5D3-44E8-B7BA-0E835F7EC871}"
EndProject
Global
	GlobalSection(SolutionConfigurationPlatforms) = preSolution
		Debug|Any CPU = Debug|Any CPU
		Release|Any CPU = Release|Any CPU
	EndGlobalSection
	GlobalSection(ProjectConfigurationPlatforms) = postSolution
		{62476A6E-A5D3-44E8-B7BA-0E835F7EC871}.Debug|Any CPU.ActiveCfg = Debug|Any CPU
		{62476A6E-A5D3-44E8-B7BA-0E835F7EC871}.Debug|Any CPU.Build.0 = Debug|Any CPU
		{62476A6E-A5D3-44E8-B7BA-0E835F7EC871}.Release|Any CPU.ActiveCfg = Release|Any CPU
		{62476A6E-A5D3-44E8-B7BA-0E835F7EC871}.Release|Any CPU.Build.0 = Release|Any CPU
	EndGlobalSection
	GlobalSection(SolutionProperties) = preSolution
		HideSolutionNode = FALSE
	EndGlobalSection
	GlobalSection(ExtensibilityGlobals) = postSolution
		SolutionGuid = {D4D36F8C-1A8C-47DC-9B0B-FC184B04AFB3}
	EndGlobalSection
EndGlobal
