
Microsoft Visual Studio Solution File, Format Version 12.00
# Visual Studio Version 17
VisualStudioVersion = 17.4.33122.133
MinimumVisualStudioVersion = 10.0.40219.1
Project("{FAE04EC0-301F-11D3-BF4B-00C04F79EFBC}") = "Doubly Linked List - Find Node", "Doubly Linked List - Find Node.csproj", "{AEDC8553-9921-471C-AF18-2F60B71CB146}"
EndProject
Global
	GlobalSection(SolutionConfigurationPlatforms) = preSolution
		Debug|Any CPU = Debug|Any CPU
		Release|Any CPU = Release|Any CPU
	EndGlobalSection
	GlobalSection(ProjectConfigurationPlatforms) = postSolution
		{AEDC8553-9921-471C-AF18-2F60B71CB146}.Debug|Any CPU.ActiveCfg = Debug|Any CPU
		{AEDC8553-9921-471C-AF18-2F60B71CB146}.Debug|Any CPU.Build.0 = Debug|Any CPU
		{AEDC8553-9921-471C-AF18-2F60B71CB146}.Release|Any CPU.ActiveCfg = Release|Any CPU
		{AEDC8553-9921-471C-AF18-2F60B71CB146}.Release|Any CPU.Build.0 = Release|Any CPU
	EndGlobalSection
	GlobalSection(SolutionProperties) = preSolution
		HideSolutionNode = FALSE
	EndGlobalSection
	GlobalSection(ExtensibilityGlobals) = postSolution
		SolutionGuid = {B6635461-4D58-46B6-B93F-4C1CF5FD183E}
	EndGlobalSection
EndGlobal
