
Microsoft Visual Studio Solution File, Format Version 12.00
# Visual Studio Version 17
VisualStudioVersion = 17.4.33122.133
MinimumVisualStudioVersion = 10.0.40219.1
Project("{FAE04EC0-301F-11D3-BF4B-00C04F79EFBC}") = "STL Stack", "STL Stack.csproj", "{3C0627D5-D52D-4B9B-975F-216785D0BAB1}"
EndProject
Global
	GlobalSection(SolutionConfigurationPlatforms) = preSolution
		Debug|Any CPU = Debug|Any CPU
		Release|Any CPU = Release|Any CPU
	EndGlobalSection
	GlobalSection(ProjectConfigurationPlatforms) = postSolution
		{3C0627D5-D52D-4B9B-975F-216785D0BAB1}.Debug|Any CPU.ActiveCfg = Debug|Any CPU
		{3C0627D5-D52D-4B9B-975F-216785D0BAB1}.Debug|Any CPU.Build.0 = Debug|Any CPU
		{3C0627D5-D52D-4B9B-975F-216785D0BAB1}.Release|Any CPU.ActiveCfg = Release|Any CPU
		{3C0627D5-D52D-4B9B-975F-216785D0BAB1}.Release|Any CPU.Build.0 = Release|Any CPU
	EndGlobalSection
	GlobalSection(SolutionProperties) = preSolution
		HideSolutionNode = FALSE
	EndGlobalSection
	GlobalSection(ExtensibilityGlobals) = postSolution
		SolutionGuid = {44ABC448-D65A-43E5-9DBF-F9ABFBDB270D}
	EndGlobalSection
EndGlobal
